
Microsoft Visual Studio Solution File, Format Version 12.00
# Visual Studio Version 16
VisualStudioVersion = 16.6.30114.105
MinimumVisualStudioVersion = 10.0.40219.1
Project("{9A19103F-16F7-4668-BE54-9A1E7A4F7556}") = "ME.PurchaseOrder.API", "ME.PurchaseOrder.API\ME.PurchaseOrder.API.csproj", "{026F75DD-AADF-4C27-9D47-06774D9A550C}"
EndProject
Project("{9A19103F-16F7-4668-BE54-9A1E7A4F7556}") = "ME.PurchaseOrder.Test", "ME.PurchaseOrder.Test\ME.PurchaseOrder.Test.csproj", "{A56EAD4A-6C2F-48EB-A6ED-7E4F0753FCC3}"
EndProject
Project("{9A19103F-16F7-4668-BE54-9A1E7A4F7556}") = "ME.PurchaseOrder.IntegratedTest", "ME.PurchaseOrder.IntegratedTest\ME.PurchaseOrder.IntegratedTest.csproj", "{DA5125A6-4571-4A15-9BAF-E259FECBCA4E}"
EndProject
Project("{FAE04EC0-301F-11D3-BF4B-00C04F79EFBC}") = "ME.PurchaseOrder.Infra", "ME.PurchaseOrder.Infra\ME.PurchaseOrder.Infra.csproj", "{94A80580-0B74-46CB-B9E0-A0232711DE20}"
EndProject
Project("{FAE04EC0-301F-11D3-BF4B-00C04F79EFBC}") = "ME.PurchaseOrder.Domain", "ME.PurchaseOrder.Domain\ME.PurchaseOrder.Domain.csproj", "{BB4E1BE2-CB7F-46E1-887E-FB917FDB8FA7}"
EndProject
Global
	GlobalSection(SolutionConfigurationPlatforms) = preSolution
		Debug|Any CPU = Debug|Any CPU
		Debug|x64 = Debug|x64
		Debug|x86 = Debug|x86
		Release|Any CPU = Release|Any CPU
		Release|x64 = Release|x64
		Release|x86 = Release|x86
	EndGlobalSection
	GlobalSection(ProjectConfigurationPlatforms) = postSolution
		{026F75DD-AADF-4C27-9D47-06774D9A550C}.Debug|Any CPU.ActiveCfg = Debug|Any CPU
		{026F75DD-AADF-4C27-9D47-06774D9A550C}.Debug|Any CPU.Build.0 = Debug|Any CPU
		{026F75DD-AADF-4C27-9D47-06774D9A550C}.Debug|x64.ActiveCfg = Debug|Any CPU
		{026F75DD-AADF-4C27-9D47-06774D9A550C}.Debug|x64.Build.0 = Debug|Any CPU
		{026F75DD-AADF-4C27-9D47-06774D9A550C}.Debug|x86.ActiveCfg = Debug|Any CPU
		{026F75DD-AADF-4C27-9D47-06774D9A550C}.Debug|x86.Build.0 = Debug|Any CPU
		{026F75DD-AADF-4C27-9D47-06774D9A550C}.Release|Any CPU.ActiveCfg = Release|Any CPU
		{026F75DD-AADF-4C27-9D47-06774D9A550C}.Release|Any CPU.Build.0 = Release|Any CPU
		{026F75DD-AADF-4C27-9D47-06774D9A550C}.Release|x64.ActiveCfg = Release|Any CPU
		{026F75DD-AADF-4C27-9D47-06774D9A550C}.Release|x64.Build.0 = Release|Any CPU
		{026F75DD-AADF-4C27-9D47-06774D9A550C}.Release|x86.ActiveCfg = Release|Any CPU
		{026F75DD-AADF-4C27-9D47-06774D9A550C}.Release|x86.Build.0 = Release|Any CPU
		{A56EAD4A-6C2F-48EB-A6ED-7E4F0753FCC3}.Debug|Any CPU.ActiveCfg = Debug|Any CPU
		{A56EAD4A-6C2F-48EB-A6ED-7E4F0753FCC3}.Debug|Any CPU.Build.0 = Debug|Any CPU
		{A56EAD4A-6C2F-48EB-A6ED-7E4F0753FCC3}.Debug|x64.ActiveCfg = Debug|Any CPU
		{A56EAD4A-6C2F-48EB-A6ED-7E4F0753FCC3}.Debug|x64.Build.0 = Debug|Any CPU
		{A56EAD4A-6C2F-48EB-A6ED-7E4F0753FCC3}.Debug|x86.ActiveCfg = Debug|Any CPU
		{A56EAD4A-6C2F-48EB-A6ED-7E4F0753FCC3}.Debug|x86.Build.0 = Debug|Any CPU
		{A56EAD4A-6C2F-48EB-A6ED-7E4F0753FCC3}.Release|Any CPU.ActiveCfg = Release|Any CPU
		{A56EAD4A-6C2F-48EB-A6ED-7E4F0753FCC3}.Release|Any CPU.Build.0 = Release|Any CPU
		{A56EAD4A-6C2F-48EB-A6ED-7E4F0753FCC3}.Release|x64.ActiveCfg = Release|Any CPU
		{A56EAD4A-6C2F-48EB-A6ED-7E4F0753FCC3}.Release|x64.Build.0 = Release|Any CPU
		{A56EAD4A-6C2F-48EB-A6ED-7E4F0753FCC3}.Release|x86.ActiveCfg = Release|Any CPU
		{A56EAD4A-6C2F-48EB-A6ED-7E4F0753FCC3}.Release|x86.Build.0 = Release|Any CPU
		{DA5125A6-4571-4A15-9BAF-E259FECBCA4E}.Debug|Any CPU.ActiveCfg = Debug|Any CPU
		{DA5125A6-4571-4A15-9BAF-E259FECBCA4E}.Debug|Any CPU.Build.0 = Debug|Any CPU
		{DA5125A6-4571-4A15-9BAF-E259FECBCA4E}.Debug|x64.ActiveCfg = Debug|Any CPU
		{DA5125A6-4571-4A15-9BAF-E259FECBCA4E}.Debug|x64.Build.0 = Debug|Any CPU
		{DA5125A6-4571-4A15-9BAF-E259FECBCA4E}.Debug|x86.ActiveCfg = Debug|Any CPU
		{DA5125A6-4571-4A15-9BAF-E259FECBCA4E}.Debug|x86.Build.0 = Debug|Any CPU
		{DA5125A6-4571-4A15-9BAF-E259FECBCA4E}.Release|Any CPU.ActiveCfg = Release|Any CPU
		{DA5125A6-4571-4A15-9BAF-E259FECBCA4E}.Release|Any CPU.Build.0 = Release|Any CPU
		{DA5125A6-4571-4A15-9BAF-E259FECBCA4E}.Release|x64.ActiveCfg = Release|Any CPU
		{DA5125A6-4571-4A15-9BAF-E259FECBCA4E}.Release|x64.Build.0 = Release|Any CPU
		{DA5125A6-4571-4A15-9BAF-E259FECBCA4E}.Release|x86.ActiveCfg = Release|Any CPU
		{DA5125A6-4571-4A15-9BAF-E259FECBCA4E}.Release|x86.Build.0 = Release|Any CPU
		{94A80580-0B74-46CB-B9E0-A0232711DE20}.Debug|Any CPU.ActiveCfg = Debug|Any CPU
		{94A80580-0B74-46CB-B9E0-A0232711DE20}.Debug|Any CPU.Build.0 = Debug|Any CPU
		{94A80580-0B74-46CB-B9E0-A0232711DE20}.Debug|x64.ActiveCfg = Debug|Any CPU
		{94A80580-0B74-46CB-B9E0-A0232711DE20}.Debug|x64.Build.0 = Debug|Any CPU
		{94A80580-0B74-46CB-B9E0-A0232711DE20}.Debug|x86.ActiveCfg = Debug|Any CPU
		{94A80580-0B74-46CB-B9E0-A0232711DE20}.Debug|x86.Build.0 = Debug|Any CPU
		{94A80580-0B74-46CB-B9E0-A0232711DE20}.Release|Any CPU.ActiveCfg = Release|Any CPU
		{94A80580-0B74-46CB-B9E0-A0232711DE20}.Release|Any CPU.Build.0 = Release|Any CPU
		{94A80580-0B74-46CB-B9E0-A0232711DE20}.Release|x64.ActiveCfg = Release|Any CPU
		{94A80580-0B74-46CB-B9E0-A0232711DE20}.Release|x64.Build.0 = Release|Any CPU
		{94A80580-0B74-46CB-B9E0-A0232711DE20}.Release|x86.ActiveCfg = Release|Any CPU
		{94A80580-0B74-46CB-B9E0-A0232711DE20}.Release|x86.Build.0 = Release|Any CPU
		{BB4E1BE2-CB7F-46E1-887E-FB917FDB8FA7}.Debug|Any CPU.ActiveCfg = Debug|Any CPU
		{BB4E1BE2-CB7F-46E1-887E-FB917FDB8FA7}.Debug|Any CPU.Build.0 = Debug|Any CPU
		{BB4E1BE2-CB7F-46E1-887E-FB917FDB8FA7}.Debug|x64.ActiveCfg = Debug|Any CPU
		{BB4E1BE2-CB7F-46E1-887E-FB917FDB8FA7}.Debug|x64.Build.0 = Debug|Any CPU
		{BB4E1BE2-CB7F-46E1-887E-FB917FDB8FA7}.Debug|x86.ActiveCfg = Debug|Any CPU
		{BB4E1BE2-CB7F-46E1-887E-FB917FDB8FA7}.Debug|x86.Build.0 = Debug|Any CPU
		{BB4E1BE2-CB7F-46E1-887E-FB917FDB8FA7}.Release|Any CPU.ActiveCfg = Release|Any CPU
		{BB4E1BE2-CB7F-46E1-887E-FB917FDB8FA7}.Release|Any CPU.Build.0 = Release|Any CPU
		{BB4E1BE2-CB7F-46E1-887E-FB917FDB8FA7}.Release|x64.ActiveCfg = Release|Any CPU
		{BB4E1BE2-CB7F-46E1-887E-FB917FDB8FA7}.Release|x64.Build.0 = Release|Any CPU
		{BB4E1BE2-CB7F-46E1-887E-FB917FDB8FA7}.Release|x86.ActiveCfg = Release|Any CPU
		{BB4E1BE2-CB7F-46E1-887E-FB917FDB8FA7}.Release|x86.Build.0 = Release|Any CPU
	EndGlobalSection
	GlobalSection(SolutionProperties) = preSolution
		HideSolutionNode = FALSE
	EndGlobalSection
	GlobalSection(ExtensibilityGlobals) = postSolution
		SolutionGuid = {394F145C-02C2-44D5-882A-472ED84B884C}
	EndGlobalSection
EndGlobal
