
Microsoft Visual Studio Solution File, Format Version 12.00
# Visual Studio Version 16
VisualStudioVersion = 16.0.30621.155
MinimumVisualStudioVersion = 10.0.40219.1
Project("{2150E333-8FDC-42A3-9474-1A3956D46DE8}") = "Services", "Services", "{03FFBB1E-FE86-402B-B899-32586AB7AC35}"
EndProject
Project("{2150E333-8FDC-42A3-9474-1A3956D46DE8}") = "Pedido", "Pedido", "{AE019733-7B74-44CA-8DC0-E49D392D17D6}"
EndProject
Project("{9A19103F-16F7-4668-BE54-9A1E7A4F7556}") = "ME.Pedido.Domain", "src\ME.Pedido.Domain\ME.Pedido.Domain.csproj", "{BEB016BF-D11F-4AFE-8254-73C0AD50F75B}"
EndProject
Project("{2150E333-8FDC-42A3-9474-1A3956D46DE8}") = "Core", "Core", "{333F2C8D-8D79-4BE8-A8D5-3CDA0D6DF8C0}"
EndProject
Project("{9A19103F-16F7-4668-BE54-9A1E7A4F7556}") = "ME.Core", "src\ME.Core\ME.Core.csproj", "{3263ECB4-6F50-4908-AD00-45D24C75C3C7}"
EndProject
Project("{9A19103F-16F7-4668-BE54-9A1E7A4F7556}") = "ME.Pedido.Data", "src\ME.Pedido.Data\ME.Pedido.Data.csproj", "{1DEA131D-31E9-425F-AD6B-B3BB2583A308}"
EndProject
Project("{9A19103F-16F7-4668-BE54-9A1E7A4F7556}") = "ME.Pedido.Application", "src\ME.Pedido.Application\ME.Pedido.Application.csproj", "{3C64B581-80D1-482E-B023-7F0991E03EEB}"
EndProject
Project("{2150E333-8FDC-42A3-9474-1A3956D46DE8}") = "Tests", "Tests", "{75BE66B0-BC30-4E39-A30A-AD2EA8D73E0D}"
EndProject
Project("{FAE04EC0-301F-11D3-BF4B-00C04F79EFBC}") = "ME.Pedido.Domain.Tests", "tests\ME.Pedido.Domain.Tests\ME.Pedido.Domain.Tests.csproj", "{FD545050-16E9-4CCC-8CCC-E5D90474AAF3}"
EndProject
Global
	GlobalSection(SolutionConfigurationPlatforms) = preSolution
		Debug|Any CPU = Debug|Any CPU
		Release|Any CPU = Release|Any CPU
	EndGlobalSection
	GlobalSection(ProjectConfigurationPlatforms) = postSolution
		{BEB016BF-D11F-4AFE-8254-73C0AD50F75B}.Debug|Any CPU.ActiveCfg = Debug|Any CPU
		{BEB016BF-D11F-4AFE-8254-73C0AD50F75B}.Debug|Any CPU.Build.0 = Debug|Any CPU
		{BEB016BF-D11F-4AFE-8254-73C0AD50F75B}.Release|Any CPU.ActiveCfg = Release|Any CPU
		{BEB016BF-D11F-4AFE-8254-73C0AD50F75B}.Release|Any CPU.Build.0 = Release|Any CPU
		{3263ECB4-6F50-4908-AD00-45D24C75C3C7}.Debug|Any CPU.ActiveCfg = Debug|Any CPU
		{3263ECB4-6F50-4908-AD00-45D24C75C3C7}.Debug|Any CPU.Build.0 = Debug|Any CPU
		{3263ECB4-6F50-4908-AD00-45D24C75C3C7}.Release|Any CPU.ActiveCfg = Release|Any CPU
		{3263ECB4-6F50-4908-AD00-45D24C75C3C7}.Release|Any CPU.Build.0 = Release|Any CPU
		{1DEA131D-31E9-425F-AD6B-B3BB2583A308}.Debug|Any CPU.ActiveCfg = Debug|Any CPU
		{1DEA131D-31E9-425F-AD6B-B3BB2583A308}.Debug|Any CPU.Build.0 = Debug|Any CPU
		{1DEA131D-31E9-425F-AD6B-B3BB2583A308}.Release|Any CPU.ActiveCfg = Release|Any CPU
		{1DEA131D-31E9-425F-AD6B-B3BB2583A308}.Release|Any CPU.Build.0 = Release|Any CPU
		{3C64B581-80D1-482E-B023-7F0991E03EEB}.Debug|Any CPU.ActiveCfg = Debug|Any CPU
		{3C64B581-80D1-482E-B023-7F0991E03EEB}.Debug|Any CPU.Build.0 = Debug|Any CPU
		{3C64B581-80D1-482E-B023-7F0991E03EEB}.Release|Any CPU.ActiveCfg = Release|Any CPU
		{3C64B581-80D1-482E-B023-7F0991E03EEB}.Release|Any CPU.Build.0 = Release|Any CPU
		{FD545050-16E9-4CCC-8CCC-E5D90474AAF3}.Debug|Any CPU.ActiveCfg = Debug|Any CPU
		{FD545050-16E9-4CCC-8CCC-E5D90474AAF3}.Debug|Any CPU.Build.0 = Debug|Any CPU
		{FD545050-16E9-4CCC-8CCC-E5D90474AAF3}.Release|Any CPU.ActiveCfg = Release|Any CPU
		{FD545050-16E9-4CCC-8CCC-E5D90474AAF3}.Release|Any CPU.Build.0 = Release|Any CPU
	EndGlobalSection
	GlobalSection(SolutionProperties) = preSolution
		HideSolutionNode = FALSE
	EndGlobalSection
	GlobalSection(NestedProjects) = preSolution
		{AE019733-7B74-44CA-8DC0-E49D392D17D6} = {03FFBB1E-FE86-402B-B899-32586AB7AC35}
		{BEB016BF-D11F-4AFE-8254-73C0AD50F75B} = {AE019733-7B74-44CA-8DC0-E49D392D17D6}
		{333F2C8D-8D79-4BE8-A8D5-3CDA0D6DF8C0} = {03FFBB1E-FE86-402B-B899-32586AB7AC35}
		{3263ECB4-6F50-4908-AD00-45D24C75C3C7} = {333F2C8D-8D79-4BE8-A8D5-3CDA0D6DF8C0}
		{1DEA131D-31E9-425F-AD6B-B3BB2583A308} = {AE019733-7B74-44CA-8DC0-E49D392D17D6}
		{3C64B581-80D1-482E-B023-7F0991E03EEB} = {AE019733-7B74-44CA-8DC0-E49D392D17D6}
		{75BE66B0-BC30-4E39-A30A-AD2EA8D73E0D} = {AE019733-7B74-44CA-8DC0-E49D392D17D6}
		{FD545050-16E9-4CCC-8CCC-E5D90474AAF3} = {75BE66B0-BC30-4E39-A30A-AD2EA8D73E0D}
	EndGlobalSection
	GlobalSection(ExtensibilityGlobals) = postSolution
		SolutionGuid = {FEBD34DC-BEED-4799-9535-55665E58606C}
	EndGlobalSection
EndGlobal
