
Microsoft Visual Studio Solution File, Format Version 12.00
# Visual Studio Version 16
VisualStudioVersion = 16.0.30907.101
MinimumVisualStudioVersion = 10.0.40219.1
Project("{9A19103F-16F7-4668-BE54-9A1E7A4F7556}") = "teste-me", "teste-me\teste-me.csproj", "{751339A9-067F-41E1-99AE-98E49EAF8A9C}"
EndProject
Project("{FAE04EC0-301F-11D3-BF4B-00C04F79EFBC}") = "XUnitTestME", "XUnitTestME\XUnitTestME.csproj", "{CC7F238F-E05F-4C2E-84E9-039DCE0A7D6F}"
EndProject
Global
	GlobalSection(SolutionConfigurationPlatforms) = preSolution
		Debug|Any CPU = Debug|Any CPU
		Release|Any CPU = Release|Any CPU
	EndGlobalSection
	GlobalSection(ProjectConfigurationPlatforms) = postSolution
		{751339A9-067F-41E1-99AE-98E49EAF8A9C}.Debug|Any CPU.ActiveCfg = Debug|Any CPU
		{751339A9-067F-41E1-99AE-98E49EAF8A9C}.Debug|Any CPU.Build.0 = Debug|Any CPU
		{751339A9-067F-41E1-99AE-98E49EAF8A9C}.Release|Any CPU.ActiveCfg = Release|Any CPU
		{751339A9-067F-41E1-99AE-98E49EAF8A9C}.Release|Any CPU.Build.0 = Release|Any CPU
		{CC7F238F-E05F-4C2E-84E9-039DCE0A7D6F}.Debug|Any CPU.ActiveCfg = Debug|Any CPU
		{CC7F238F-E05F-4C2E-84E9-039DCE0A7D6F}.Debug|Any CPU.Build.0 = Debug|Any CPU
		{CC7F238F-E05F-4C2E-84E9-039DCE0A7D6F}.Release|Any CPU.ActiveCfg = Release|Any CPU
		{CC7F238F-E05F-4C2E-84E9-039DCE0A7D6F}.Release|Any CPU.Build.0 = Release|Any CPU
	EndGlobalSection
	GlobalSection(SolutionProperties) = preSolution
		HideSolutionNode = FALSE
	EndGlobalSection
	GlobalSection(ExtensibilityGlobals) = postSolution
		SolutionGuid = {55CDC71B-A80C-42B4-94D2-380BBD2D3778}
	EndGlobalSection
EndGlobal
